// !$*UTF8*$!
{
	archiveVersion = 1;
	classes = {
	};
	objectVersion = 56;
	objects = {

/* Begin PBXBuildFile section */
		99FA14B62BE098D600E81761 /* ObjectPredictor.mlmodel in Sources */ = {isa = PBXBuildFile; fileRef = 99FA14972BE098D400E81761 /* ObjectPredictor.mlmodel */; };
		99FA14B72BE098D600E81761 /* ImageRecognizer.swift in Sources */ = {isa = PBXBuildFile; fileRef = 99FA14992BE098D400E81761 /* ImageRecognizer.swift */; };
		99FA14B82BE098D600E81761 /* Game.swift in Sources */ = {isa = PBXBuildFile; fileRef = 99FA149A2BE098D400E81761 /* Game.swift */; };
		99FA14B92BE098D600E81761 /* GameSceneVM.swift in Sources */ = {isa = PBXBuildFile; fileRef = 99FA149B2BE098D400E81761 /* GameSceneVM.swift */; };
		99FA14BA2BE098D600E81761 /* ImagePredictor.swift in Sources */ = {isa = PBXBuildFile; fileRef = 99FA149C2BE098D400E81761 /* ImagePredictor.swift */; };
		99FA14BB2BE098D600E81761 /* Prediction.swift in Sources */ = {isa = PBXBuildFile; fileRef = 99FA149D2BE098D400E81761 /* Prediction.swift */; };
		99FA14BD2BE098D600E81761 /* VideoDetectorController.swift in Sources */ = {isa = PBXBuildFile; fileRef = 99FA14A02BE098D400E81761 /* VideoDetectorController.swift */; };
		99FA14BE2BE098D600E81761 /* ImagePicker.swift in Sources */ = {isa = PBXBuildFile; fileRef = 99FA14A12BE098D400E81761 /* ImagePicker.swift */; };
		99FA14BF2BE098D600E81761 /* CameraViewController.swift in Sources */ = {isa = PBXBuildFile; fileRef = 99FA14A22BE098D400E81761 /* CameraViewController.swift */; };
		99FA14C02BE098D600E81761 /* VideoDetectorExtension.swift in Sources */ = {isa = PBXBuildFile; fileRef = 99FA14A32BE098D400E81761 /* VideoDetectorExtension.swift */; };
		99FA14C12BE098D600E81761 /* CameraViewExtension.swift in Sources */ = {isa = PBXBuildFile; fileRef = 99FA14A42BE098D400E81761 /* CameraViewExtension.swift */; };
		99FA14C22BE098D600E81761 /* VideoDetectorCoordinator.swift in Sources */ = {isa = PBXBuildFile; fileRef = 99FA14A52BE098D400E81761 /* VideoDetectorCoordinator.swift */; };
		99FA14C32BE098D600E81761 /* MobileNet.mlmodel in Sources */ = {isa = PBXBuildFile; fileRef = 99FA14A62BE098D400E81761 /* MobileNet.mlmodel */; };
		99FA14C42BE098D600E81761 /* ObjectPredictView.swift in Sources */ = {isa = PBXBuildFile; fileRef = 99FA14A82BE098D400E81761 /* ObjectPredictView.swift */; };
		99FA14C52BE098D600E81761 /* CulpritCaptureView.swift in Sources */ = {isa = PBXBuildFile; fileRef = 99FA14A92BE098D400E81761 /* CulpritCaptureView.swift */; };
		99FA14C62BE098D600E81761 /* ChallengeView.swift in Sources */ = {isa = PBXBuildFile; fileRef = 99FA14AA2BE098D400E81761 /* ChallengeView.swift */; };
		99FA14C72BE098D600E81761 /* RectangleHint.swift in Sources */ = {isa = PBXBuildFile; fileRef = 99FA14AC2BE098D400E81761 /* RectangleHint.swift */; };
		99FA14C82BE098D600E81761 /* ObjectScanView.swift in Sources */ = {isa = PBXBuildFile; fileRef = 99FA14AD2BE098D400E81761 /* ObjectScanView.swift */; };
		99FA14C92BE098D600E81761 /* Button.swift in Sources */ = {isa = PBXBuildFile; fileRef = 99FA14AE2BE098D400E81761 /* Button.swift */; };
		99FA14CA2BE098D600E81761 /* CameraView.swift in Sources */ = {isa = PBXBuildFile; fileRef = 99FA14AF2BE098D400E81761 /* CameraView.swift */; };
		99FA14CB2BE098D600E81761 /* VideoDetectorView.swift in Sources */ = {isa = PBXBuildFile; fileRef = 99FA14B02BE098D400E81761 /* VideoDetectorView.swift */; };
		99FA14CC2BE098D600E81761 /* ObjectCaptureView.swift in Sources */ = {isa = PBXBuildFile; fileRef = 99FA14B12BE098D400E81761 /* ObjectCaptureView.swift */; };
		99FA14CD2BE098D600E81761 /* ObjectScanView2.swift in Sources */ = {isa = PBXBuildFile; fileRef = 99FA14B22BE098D400E81761 /* ObjectScanView2.swift */; };
		99FA14CE2BE098D600E81761 /* MysteryObjectPrediction.mlmodel in Sources */ = {isa = PBXBuildFile; fileRef = 99FA14B32BE098D400E81761 /* MysteryObjectPrediction.mlmodel */; };
		99FA14CF2BE098D600E81761 /* CulpritClass.mlmodel in Sources */ = {isa = PBXBuildFile; fileRef = 99FA14B42BE098D500E81761 /* CulpritClass.mlmodel */; };
		99FA14D02BE098D600E81761 /* yolov9c.mlpackage in Sources */ = {isa = PBXBuildFile; fileRef = 99FA14B52BE098D600E81761 /* yolov9c.mlpackage */; };
		99FA14D22BE0994500E81761 /* GameInstance.swift in Sources */ = {isa = PBXBuildFile; fileRef = 99FA14D12BE0994500E81761 /* GameInstance.swift */; };
		CD7369172BDB6B710011A573 /* SleuthVisionApp.swift in Sources */ = {isa = PBXBuildFile; fileRef = CD7369162BDB6B710011A573 /* SleuthVisionApp.swift */; };
		CD7369192BDB6B710011A573 /* ContentView.swift in Sources */ = {isa = PBXBuildFile; fileRef = CD7369182BDB6B710011A573 /* ContentView.swift */; };
		CD73691B2BDB6B7A0011A573 /* Assets.xcassets in Resources */ = {isa = PBXBuildFile; fileRef = CD73691A2BDB6B7A0011A573 /* Assets.xcassets */; };
		CD73691E2BDB6B7A0011A573 /* Preview Assets.xcassets in Resources */ = {isa = PBXBuildFile; fileRef = CD73691D2BDB6B7A0011A573 /* Preview Assets.xcassets */; };
		CD7369282BDB6B7A0011A573 /* SleuthVisionTests.swift in Sources */ = {isa = PBXBuildFile; fileRef = CD7369272BDB6B7A0011A573 /* SleuthVisionTests.swift */; };
		CD7369322BDB6B7A0011A573 /* SleuthVisionUITests.swift in Sources */ = {isa = PBXBuildFile; fileRef = CD7369312BDB6B7A0011A573 /* SleuthVisionUITests.swift */; };
		CD7369342BDB6B7A0011A573 /* SleuthVisionUITestsLaunchTests.swift in Sources */ = {isa = PBXBuildFile; fileRef = CD7369332BDB6B7A0011A573 /* SleuthVisionUITestsLaunchTests.swift */; };
		CDD3E1192BE29A5D00C7FC93 /* AppDelegate.swift in Sources */ = {isa = PBXBuildFile; fileRef = CDD3E1182BE29A5D00C7FC93 /* AppDelegate.swift */; };
		CDD3E11B2BE29A7300C7FC93 /* SceneDelegate.swift in Sources */ = {isa = PBXBuildFile; fileRef = CDD3E11A2BE29A7300C7FC93 /* SceneDelegate.swift */; };
		CDD3E11D2BE29BFA00C7FC93 /* Player.swift in Sources */ = {isa = PBXBuildFile; fileRef = CDD3E11C2BE29BFA00C7FC93 /* Player.swift */; };
		CDD3E11F2BE29C0700C7FC93 /* PlayerManager.swift in Sources */ = {isa = PBXBuildFile; fileRef = CDD3E11E2BE29C0700C7FC93 /* PlayerManager.swift */; };
		E40E5F2A2BDB82F900EFBF6F /* SwiftUIView.swift in Sources */ = {isa = PBXBuildFile; fileRef = E40E5F292BDB82F900EFBF6F /* SwiftUIView.swift */; };
		E40E5F302BDBE7D400EFBF6F /* StoryOne.swift in Sources */ = {isa = PBXBuildFile; fileRef = E40E5F2F2BDBE7D400EFBF6F /* StoryOne.swift */; };
		E40E5F352BDBF7FA00EFBF6F /* TestCode.swift in Sources */ = {isa = PBXBuildFile; fileRef = E40E5F342BDBF7FA00EFBF6F /* TestCode.swift */; };
		E40F76CE2BE335A0003513CE /* NewObjectPredictor.mlmodel in Sources */ = {isa = PBXBuildFile; fileRef = E40F76CD2BE335A0003513CE /* NewObjectPredictor.mlmodel */; };
		E4A76F542BDF631D007FAED5 /* TutorialPage.swift in Sources */ = {isa = PBXBuildFile; fileRef = E4A76F532BDF631D007FAED5 /* TutorialPage.swift */; };
		E4A76F562BDFD693007FAED5 /* CulpritPage.swift in Sources */ = {isa = PBXBuildFile; fileRef = E4A76F552BDFD693007FAED5 /* CulpritPage.swift */; };
/* End PBXBuildFile section */

/* Begin PBXContainerItemProxy section */
		CD7369242BDB6B7A0011A573 /* PBXContainerItemProxy */ = {
			isa = PBXContainerItemProxy;
			containerPortal = CD73690B2BDB6B710011A573 /* Project object */;
			proxyType = 1;
			remoteGlobalIDString = CD7369122BDB6B710011A573;
			remoteInfo = SleuthVision;
		};
		CD73692E2BDB6B7A0011A573 /* PBXContainerItemProxy */ = {
			isa = PBXContainerItemProxy;
			containerPortal = CD73690B2BDB6B710011A573 /* Project object */;
			proxyType = 1;
			remoteGlobalIDString = CD7369122BDB6B710011A573;
			remoteInfo = SleuthVision;
		};
/* End PBXContainerItemProxy section */

/* Begin PBXFileReference section */
		99FA14972BE098D400E81761 /* ObjectPredictor.mlmodel */ = {isa = PBXFileReference; lastKnownFileType = file.mlmodel; path = ObjectPredictor.mlmodel; sourceTree = "<group>"; };
		99FA14992BE098D400E81761 /* ImageRecognizer.swift */ = {isa = PBXFileReference; fileEncoding = 4; lastKnownFileType = sourcecode.swift; path = ImageRecognizer.swift; sourceTree = "<group>"; };
		99FA149A2BE098D400E81761 /* Game.swift */ = {isa = PBXFileReference; fileEncoding = 4; lastKnownFileType = sourcecode.swift; path = Game.swift; sourceTree = "<group>"; };
		99FA149B2BE098D400E81761 /* GameSceneVM.swift */ = {isa = PBXFileReference; fileEncoding = 4; lastKnownFileType = sourcecode.swift; path = GameSceneVM.swift; sourceTree = "<group>"; };
		99FA149C2BE098D400E81761 /* ImagePredictor.swift */ = {isa = PBXFileReference; fileEncoding = 4; lastKnownFileType = sourcecode.swift; path = ImagePredictor.swift; sourceTree = "<group>"; };
		99FA149D2BE098D400E81761 /* Prediction.swift */ = {isa = PBXFileReference; fileEncoding = 4; lastKnownFileType = sourcecode.swift; path = Prediction.swift; sourceTree = "<group>"; };
		99FA14A02BE098D400E81761 /* VideoDetectorController.swift */ = {isa = PBXFileReference; fileEncoding = 4; lastKnownFileType = sourcecode.swift; path = VideoDetectorController.swift; sourceTree = "<group>"; };
		99FA14A12BE098D400E81761 /* ImagePicker.swift */ = {isa = PBXFileReference; fileEncoding = 4; lastKnownFileType = sourcecode.swift; path = ImagePicker.swift; sourceTree = "<group>"; };
		99FA14A22BE098D400E81761 /* CameraViewController.swift */ = {isa = PBXFileReference; fileEncoding = 4; lastKnownFileType = sourcecode.swift; path = CameraViewController.swift; sourceTree = "<group>"; };
		99FA14A32BE098D400E81761 /* VideoDetectorExtension.swift */ = {isa = PBXFileReference; fileEncoding = 4; lastKnownFileType = sourcecode.swift; path = VideoDetectorExtension.swift; sourceTree = "<group>"; };
		99FA14A42BE098D400E81761 /* CameraViewExtension.swift */ = {isa = PBXFileReference; fileEncoding = 4; lastKnownFileType = sourcecode.swift; path = CameraViewExtension.swift; sourceTree = "<group>"; };
		99FA14A52BE098D400E81761 /* VideoDetectorCoordinator.swift */ = {isa = PBXFileReference; fileEncoding = 4; lastKnownFileType = sourcecode.swift; path = VideoDetectorCoordinator.swift; sourceTree = "<group>"; };
		99FA14A62BE098D400E81761 /* MobileNet.mlmodel */ = {isa = PBXFileReference; lastKnownFileType = file.mlmodel; path = MobileNet.mlmodel; sourceTree = "<group>"; };
		99FA14A82BE098D400E81761 /* ObjectPredictView.swift */ = {isa = PBXFileReference; fileEncoding = 4; lastKnownFileType = sourcecode.swift; path = ObjectPredictView.swift; sourceTree = "<group>"; };
		99FA14A92BE098D400E81761 /* CulpritCaptureView.swift */ = {isa = PBXFileReference; fileEncoding = 4; lastKnownFileType = sourcecode.swift; path = CulpritCaptureView.swift; sourceTree = "<group>"; };
		99FA14AA2BE098D400E81761 /* ChallengeView.swift */ = {isa = PBXFileReference; fileEncoding = 4; lastKnownFileType = sourcecode.swift; path = ChallengeView.swift; sourceTree = "<group>"; };
		99FA14AC2BE098D400E81761 /* RectangleHint.swift */ = {isa = PBXFileReference; fileEncoding = 4; lastKnownFileType = sourcecode.swift; path = RectangleHint.swift; sourceTree = "<group>"; };
		99FA14AD2BE098D400E81761 /* ObjectScanView.swift */ = {isa = PBXFileReference; fileEncoding = 4; lastKnownFileType = sourcecode.swift; path = ObjectScanView.swift; sourceTree = "<group>"; };
		99FA14AE2BE098D400E81761 /* Button.swift */ = {isa = PBXFileReference; fileEncoding = 4; lastKnownFileType = sourcecode.swift; path = Button.swift; sourceTree = "<group>"; };
		99FA14AF2BE098D400E81761 /* CameraView.swift */ = {isa = PBXFileReference; fileEncoding = 4; lastKnownFileType = sourcecode.swift; path = CameraView.swift; sourceTree = "<group>"; };
		99FA14B02BE098D400E81761 /* VideoDetectorView.swift */ = {isa = PBXFileReference; fileEncoding = 4; lastKnownFileType = sourcecode.swift; path = VideoDetectorView.swift; sourceTree = "<group>"; };
		99FA14B12BE098D400E81761 /* ObjectCaptureView.swift */ = {isa = PBXFileReference; fileEncoding = 4; lastKnownFileType = sourcecode.swift; path = ObjectCaptureView.swift; sourceTree = "<group>"; };
		99FA14B22BE098D400E81761 /* ObjectScanView2.swift */ = {isa = PBXFileReference; fileEncoding = 4; lastKnownFileType = sourcecode.swift; path = ObjectScanView2.swift; sourceTree = "<group>"; };
		99FA14B32BE098D400E81761 /* MysteryObjectPrediction.mlmodel */ = {isa = PBXFileReference; lastKnownFileType = file.mlmodel; path = MysteryObjectPrediction.mlmodel; sourceTree = "<group>"; };
		99FA14B42BE098D500E81761 /* CulpritClass.mlmodel */ = {isa = PBXFileReference; lastKnownFileType = file.mlmodel; path = CulpritClass.mlmodel; sourceTree = "<group>"; };
		99FA14B52BE098D600E81761 /* yolov9c.mlpackage */ = {isa = PBXFileReference; lastKnownFileType = folder.mlpackage; path = yolov9c.mlpackage; sourceTree = "<group>"; };
		99FA14D12BE0994500E81761 /* GameInstance.swift */ = {isa = PBXFileReference; fileEncoding = 4; lastKnownFileType = sourcecode.swift; path = GameInstance.swift; sourceTree = "<group>"; };
		CD7369132BDB6B710011A573 /* SleuthVision.app */ = {isa = PBXFileReference; explicitFileType = wrapper.application; includeInIndex = 0; path = SleuthVision.app; sourceTree = BUILT_PRODUCTS_DIR; };
		CD7369162BDB6B710011A573 /* SleuthVisionApp.swift */ = {isa = PBXFileReference; lastKnownFileType = sourcecode.swift; path = SleuthVisionApp.swift; sourceTree = "<group>"; };
		CD7369182BDB6B710011A573 /* ContentView.swift */ = {isa = PBXFileReference; lastKnownFileType = sourcecode.swift; path = ContentView.swift; sourceTree = "<group>"; };
		CD73691A2BDB6B7A0011A573 /* Assets.xcassets */ = {isa = PBXFileReference; lastKnownFileType = folder.assetcatalog; path = Assets.xcassets; sourceTree = "<group>"; };
		CD73691D2BDB6B7A0011A573 /* Preview Assets.xcassets */ = {isa = PBXFileReference; lastKnownFileType = folder.assetcatalog; path = "Preview Assets.xcassets"; sourceTree = "<group>"; };
		CD7369232BDB6B7A0011A573 /* SleuthVisionTests.xctest */ = {isa = PBXFileReference; explicitFileType = wrapper.cfbundle; includeInIndex = 0; path = SleuthVisionTests.xctest; sourceTree = BUILT_PRODUCTS_DIR; };
		CD7369272BDB6B7A0011A573 /* SleuthVisionTests.swift */ = {isa = PBXFileReference; lastKnownFileType = sourcecode.swift; path = SleuthVisionTests.swift; sourceTree = "<group>"; };
		CD73692D2BDB6B7A0011A573 /* SleuthVisionUITests.xctest */ = {isa = PBXFileReference; explicitFileType = wrapper.cfbundle; includeInIndex = 0; path = SleuthVisionUITests.xctest; sourceTree = BUILT_PRODUCTS_DIR; };
		CD7369312BDB6B7A0011A573 /* SleuthVisionUITests.swift */ = {isa = PBXFileReference; lastKnownFileType = sourcecode.swift; path = SleuthVisionUITests.swift; sourceTree = "<group>"; };
		CD7369332BDB6B7A0011A573 /* SleuthVisionUITestsLaunchTests.swift */ = {isa = PBXFileReference; lastKnownFileType = sourcecode.swift; path = SleuthVisionUITestsLaunchTests.swift; sourceTree = "<group>"; };
		CDD3E1182BE29A5D00C7FC93 /* AppDelegate.swift */ = {isa = PBXFileReference; lastKnownFileType = sourcecode.swift; path = AppDelegate.swift; sourceTree = "<group>"; };
		CDD3E11A2BE29A7300C7FC93 /* SceneDelegate.swift */ = {isa = PBXFileReference; lastKnownFileType = sourcecode.swift; path = SceneDelegate.swift; sourceTree = "<group>"; };
		CDD3E11C2BE29BFA00C7FC93 /* Player.swift */ = {isa = PBXFileReference; lastKnownFileType = sourcecode.swift; path = Player.swift; sourceTree = "<group>"; };
		CDD3E11E2BE29C0700C7FC93 /* PlayerManager.swift */ = {isa = PBXFileReference; lastKnownFileType = sourcecode.swift; path = PlayerManager.swift; sourceTree = "<group>"; };
		E40E5F292BDB82F900EFBF6F /* SwiftUIView.swift */ = {isa = PBXFileReference; lastKnownFileType = sourcecode.swift; path = SwiftUIView.swift; sourceTree = "<group>"; };
		E40E5F2F2BDBE7D400EFBF6F /* StoryOne.swift */ = {isa = PBXFileReference; lastKnownFileType = sourcecode.swift; path = StoryOne.swift; sourceTree = "<group>"; };
		E40E5F342BDBF7FA00EFBF6F /* TestCode.swift */ = {isa = PBXFileReference; lastKnownFileType = sourcecode.swift; path = TestCode.swift; sourceTree = "<group>"; };
		E40F76CD2BE335A0003513CE /* NewObjectPredictor.mlmodel */ = {isa = PBXFileReference; lastKnownFileType = file.mlmodel; path = NewObjectPredictor.mlmodel; sourceTree = "<group>"; };
		E4A76F532BDF631D007FAED5 /* TutorialPage.swift */ = {isa = PBXFileReference; lastKnownFileType = sourcecode.swift; path = TutorialPage.swift; sourceTree = "<group>"; };
		E4A76F552BDFD693007FAED5 /* CulpritPage.swift */ = {isa = PBXFileReference; lastKnownFileType = sourcecode.swift; path = CulpritPage.swift; sourceTree = "<group>"; };
		E4A76F572BDFDC9E007FAED5 /* Info.plist */ = {isa = PBXFileReference; lastKnownFileType = text.plist; path = Info.plist; sourceTree = "<group>"; };
/* End PBXFileReference section */

/* Begin PBXFrameworksBuildPhase section */
		CD7369102BDB6B710011A573 /* Frameworks */ = {
			isa = PBXFrameworksBuildPhase;
			buildActionMask = 2147483647;
			files = (
			);
			runOnlyForDeploymentPostprocessing = 0;
		};
		CD7369202BDB6B7A0011A573 /* Frameworks */ = {
			isa = PBXFrameworksBuildPhase;
			buildActionMask = 2147483647;
			files = (
			);
			runOnlyForDeploymentPostprocessing = 0;
		};
		CD73692A2BDB6B7A0011A573 /* Frameworks */ = {
			isa = PBXFrameworksBuildPhase;
			buildActionMask = 2147483647;
			files = (
			);
			runOnlyForDeploymentPostprocessing = 0;
		};
/* End PBXFrameworksBuildPhase section */

/* Begin PBXGroup section */
		99FA14982BE098D400E81761 /* Model */ = {
			isa = PBXGroup;
			children = (
				99FA14992BE098D400E81761 /* ImageRecognizer.swift */,
				99FA149A2BE098D400E81761 /* Game.swift */,
				99FA149B2BE098D400E81761 /* GameSceneVM.swift */,
				99FA149C2BE098D400E81761 /* ImagePredictor.swift */,
				99FA149D2BE098D400E81761 /* Prediction.swift */,
				CDD3E11C2BE29BFA00C7FC93 /* Player.swift */,
				CDD3E11E2BE29C0700C7FC93 /* PlayerManager.swift */,
			);
			path = Model;
			sourceTree = "<group>";
		};
		99FA149F2BE098D400E81761 /* Controller */ = {
			isa = PBXGroup;
			children = (
				99FA14A02BE098D400E81761 /* VideoDetectorController.swift */,
				99FA14A12BE098D400E81761 /* ImagePicker.swift */,
				99FA14A22BE098D400E81761 /* CameraViewController.swift */,
				99FA14A32BE098D400E81761 /* VideoDetectorExtension.swift */,
				99FA14A42BE098D400E81761 /* CameraViewExtension.swift */,
				99FA14A52BE098D400E81761 /* VideoDetectorCoordinator.swift */,
			);
			path = Controller;
			sourceTree = "<group>";
		};
		99FA14A72BE098D400E81761 /* View */ = {
			isa = PBXGroup;
			children = (
				99FA14A82BE098D400E81761 /* ObjectPredictView.swift */,
				99FA14A92BE098D400E81761 /* CulpritCaptureView.swift */,
				99FA14AA2BE098D400E81761 /* ChallengeView.swift */,
				99FA14AB2BE098D400E81761 /* Component */,
				99FA14AF2BE098D400E81761 /* CameraView.swift */,
				99FA14B02BE098D400E81761 /* VideoDetectorView.swift */,
				99FA14AD2BE098D400E81761 /* ObjectScanView.swift */,
				99FA14B12BE098D400E81761 /* ObjectCaptureView.swift */,
				99FA14B22BE098D400E81761 /* ObjectScanView2.swift */,
			);
			path = View;
			sourceTree = "<group>";
		};
		99FA14AB2BE098D400E81761 /* Component */ = {
			isa = PBXGroup;
			children = (
				99FA14AC2BE098D400E81761 /* RectangleHint.swift */,
				99FA14AE2BE098D400E81761 /* Button.swift */,
			);
			path = Component;
			sourceTree = "<group>";
		};
		CD73690A2BDB6B710011A573 = {
			isa = PBXGroup;
			children = (
				CD7369152BDB6B710011A573 /* SleuthVision */,
				CD7369262BDB6B7A0011A573 /* SleuthVisionTests */,
				CD7369302BDB6B7A0011A573 /* SleuthVisionUITests */,
				CD7369142BDB6B710011A573 /* Products */,
			);
			sourceTree = "<group>";
		};
		CD7369142BDB6B710011A573 /* Products */ = {
			isa = PBXGroup;
			children = (
				CD7369132BDB6B710011A573 /* SleuthVision.app */,
				CD7369232BDB6B7A0011A573 /* SleuthVisionTests.xctest */,
				CD73692D2BDB6B7A0011A573 /* SleuthVisionUITests.xctest */,
			);
			name = Products;
			sourceTree = "<group>";
		};
		CD7369152BDB6B710011A573 /* SleuthVision */ = {
			isa = PBXGroup;
			children = (
				CDD3E1172BE29A4500C7FC93 /* SupportingFiles */,
				E4A76F572BDFDC9E007FAED5 /* Info.plist */,
				E40E5F312BDBF7BA00EFBF6F /* Unused */,
				CD7369162BDB6B710011A573 /* SleuthVisionApp.swift */,
				CD7369182BDB6B710011A573 /* ContentView.swift */,
				99FA14D12BE0994500E81761 /* GameInstance.swift */,
				E40E5F2F2BDBE7D400EFBF6F /* StoryOne.swift */,
				E4A76F552BDFD693007FAED5 /* CulpritPage.swift */,
				99FA14A72BE098D400E81761 /* View */,
				99FA14982BE098D400E81761 /* Model */,
				99FA149F2BE098D400E81761 /* Controller */,
				99FA14B42BE098D500E81761 /* CulpritClass.mlmodel */,
				99FA14A62BE098D400E81761 /* MobileNet.mlmodel */,
				99FA14B32BE098D400E81761 /* MysteryObjectPrediction.mlmodel */,
				99FA14972BE098D400E81761 /* ObjectPredictor.mlmodel */,
				E40F76CD2BE335A0003513CE /* NewObjectPredictor.mlmodel */,
				99FA14B52BE098D600E81761 /* yolov9c.mlpackage */,
				CD73691A2BDB6B7A0011A573 /* Assets.xcassets */,
				CD73691C2BDB6B7A0011A573 /* Preview Content */,
			);
			path = SleuthVision;
			sourceTree = "<group>";
		};
		CD73691C2BDB6B7A0011A573 /* Preview Content */ = {
			isa = PBXGroup;
			children = (
				CD73691D2BDB6B7A0011A573 /* Preview Assets.xcassets */,
			);
			path = "Preview Content";
			sourceTree = "<group>";
		};
		CD7369262BDB6B7A0011A573 /* SleuthVisionTests */ = {
			isa = PBXGroup;
			children = (
				CD7369272BDB6B7A0011A573 /* SleuthVisionTests.swift */,
			);
			path = SleuthVisionTests;
			sourceTree = "<group>";
		};
		CD7369302BDB6B7A0011A573 /* SleuthVisionUITests */ = {
			isa = PBXGroup;
			children = (
				CD7369312BDB6B7A0011A573 /* SleuthVisionUITests.swift */,
				CD7369332BDB6B7A0011A573 /* SleuthVisionUITestsLaunchTests.swift */,
			);
			path = SleuthVisionUITests;
			sourceTree = "<group>";
		};
		CDD3E1172BE29A4500C7FC93 /* SupportingFiles */ = {
			isa = PBXGroup;
			children = (
				CDD3E1182BE29A5D00C7FC93 /* AppDelegate.swift */,
				CDD3E11A2BE29A7300C7FC93 /* SceneDelegate.swift */,
			);
			path = SupportingFiles;
			sourceTree = "<group>";
		};
		E40E5F312BDBF7BA00EFBF6F /* Unused */ = {
			isa = PBXGroup;
			children = (
				E40E5F292BDB82F900EFBF6F /* SwiftUIView.swift */,
				E4A76F532BDF631D007FAED5 /* TutorialPage.swift */,
				E40E5F342BDBF7FA00EFBF6F /* TestCode.swift */,
			);
			path = Unused;
			sourceTree = "<group>";
		};
/* End PBXGroup section */

/* Begin PBXNativeTarget section */
		CD7369122BDB6B710011A573 /* SleuthVision */ = {
			isa = PBXNativeTarget;
			buildConfigurationList = CD7369372BDB6B7A0011A573 /* Build configuration list for PBXNativeTarget "SleuthVision" */;
			buildPhases = (
				CD73690F2BDB6B710011A573 /* Sources */,
				CD7369102BDB6B710011A573 /* Frameworks */,
				CD7369112BDB6B710011A573 /* Resources */,
			);
			buildRules = (
			);
			dependencies = (
			);
			name = SleuthVision;
			productName = SleuthVision;
			productReference = CD7369132BDB6B710011A573 /* SleuthVision.app */;
			productType = "com.apple.product-type.application";
		};
		CD7369222BDB6B7A0011A573 /* SleuthVisionTests */ = {
			isa = PBXNativeTarget;
			buildConfigurationList = CD73693A2BDB6B7A0011A573 /* Build configuration list for PBXNativeTarget "SleuthVisionTests" */;
			buildPhases = (
				CD73691F2BDB6B7A0011A573 /* Sources */,
				CD7369202BDB6B7A0011A573 /* Frameworks */,
				CD7369212BDB6B7A0011A573 /* Resources */,
			);
			buildRules = (
			);
			dependencies = (
				CD7369252BDB6B7A0011A573 /* PBXTargetDependency */,
			);
			name = SleuthVisionTests;
			productName = SleuthVisionTests;
			productReference = CD7369232BDB6B7A0011A573 /* SleuthVisionTests.xctest */;
			productType = "com.apple.product-type.bundle.unit-test";
		};
		CD73692C2BDB6B7A0011A573 /* SleuthVisionUITests */ = {
			isa = PBXNativeTarget;
			buildConfigurationList = CD73693D2BDB6B7A0011A573 /* Build configuration list for PBXNativeTarget "SleuthVisionUITests" */;
			buildPhases = (
				CD7369292BDB6B7A0011A573 /* Sources */,
				CD73692A2BDB6B7A0011A573 /* Frameworks */,
				CD73692B2BDB6B7A0011A573 /* Resources */,
			);
			buildRules = (
			);
			dependencies = (
				CD73692F2BDB6B7A0011A573 /* PBXTargetDependency */,
			);
			name = SleuthVisionUITests;
			productName = SleuthVisionUITests;
			productReference = CD73692D2BDB6B7A0011A573 /* SleuthVisionUITests.xctest */;
			productType = "com.apple.product-type.bundle.ui-testing";
		};
/* End PBXNativeTarget section */

/* Begin PBXProject section */
		CD73690B2BDB6B710011A573 /* Project object */ = {
			isa = PBXProject;
			attributes = {
				BuildIndependentTargetsInParallel = 1;
				LastSwiftUpdateCheck = 1520;
				LastUpgradeCheck = 1520;
				TargetAttributes = {
					CD7369122BDB6B710011A573 = {
						CreatedOnToolsVersion = 15.2;
					};
					CD7369222BDB6B7A0011A573 = {
						CreatedOnToolsVersion = 15.2;
						TestTargetID = CD7369122BDB6B710011A573;
					};
					CD73692C2BDB6B7A0011A573 = {
						CreatedOnToolsVersion = 15.2;
						TestTargetID = CD7369122BDB6B710011A573;
					};
				};
			};
			buildConfigurationList = CD73690E2BDB6B710011A573 /* Build configuration list for PBXProject "SleuthVision" */;
			compatibilityVersion = "Xcode 14.0";
			developmentRegion = en;
			hasScannedForEncodings = 0;
			knownRegions = (
				en,
				Base,
			);
			mainGroup = CD73690A2BDB6B710011A573;
			packageReferences = (
			);
			productRefGroup = CD7369142BDB6B710011A573 /* Products */;
			projectDirPath = "";
			projectRoot = "";
			targets = (
				CD7369122BDB6B710011A573 /* SleuthVision */,
				CD7369222BDB6B7A0011A573 /* SleuthVisionTests */,
				CD73692C2BDB6B7A0011A573 /* SleuthVisionUITests */,
			);
		};
/* End PBXProject section */

/* Begin PBXResourcesBuildPhase section */
		CD7369112BDB6B710011A573 /* Resources */ = {
			isa = PBXResourcesBuildPhase;
			buildActionMask = 2147483647;
			files = (
				CD73691E2BDB6B7A0011A573 /* Preview Assets.xcassets in Resources */,
				CD73691B2BDB6B7A0011A573 /* Assets.xcassets in Resources */,
			);
			runOnlyForDeploymentPostprocessing = 0;
		};
		CD7369212BDB6B7A0011A573 /* Resources */ = {
			isa = PBXResourcesBuildPhase;
			buildActionMask = 2147483647;
			files = (
			);
			runOnlyForDeploymentPostprocessing = 0;
		};
		CD73692B2BDB6B7A0011A573 /* Resources */ = {
			isa = PBXResourcesBuildPhase;
			buildActionMask = 2147483647;
			files = (
			);
			runOnlyForDeploymentPostprocessing = 0;
		};
/* End PBXResourcesBuildPhase section */

/* Begin PBXSourcesBuildPhase section */
		CD73690F2BDB6B710011A573 /* Sources */ = {
			isa = PBXSourcesBuildPhase;
			buildActionMask = 2147483647;
			files = (
				E40E5F352BDBF7FA00EFBF6F /* TestCode.swift in Sources */,
				99FA14B82BE098D600E81761 /* Game.swift in Sources */,
				99FA14CF2BE098D600E81761 /* CulpritClass.mlmodel in Sources */,
				99FA14BF2BE098D600E81761 /* CameraViewController.swift in Sources */,
				E40F76CE2BE335A0003513CE /* NewObjectPredictor.mlmodel in Sources */,
				CD7369192BDB6B710011A573 /* ContentView.swift in Sources */,
				99FA14BD2BE098D600E81761 /* VideoDetectorController.swift in Sources */,
				99FA14C82BE098D600E81761 /* ObjectScanView.swift in Sources */,
				99FA14C22BE098D600E81761 /* VideoDetectorCoordinator.swift in Sources */,
				99FA14B62BE098D600E81761 /* ObjectPredictor.mlmodel in Sources */,
				99FA14C52BE098D600E81761 /* CulpritCaptureView.swift in Sources */,
				99FA14C12BE098D600E81761 /* CameraViewExtension.swift in Sources */,
				CDD3E11B2BE29A7300C7FC93 /* SceneDelegate.swift in Sources */,
				E4A76F542BDF631D007FAED5 /* TutorialPage.swift in Sources */,
				CD7369172BDB6B710011A573 /* SleuthVisionApp.swift in Sources */,
				99FA14C32BE098D600E81761 /* MobileNet.mlmodel in Sources */,
				99FA14C02BE098D600E81761 /* VideoDetectorExtension.swift in Sources */,
				99FA14CA2BE098D600E81761 /* CameraView.swift in Sources */,
				99FA14B72BE098D600E81761 /* ImageRecognizer.swift in Sources */,
				99FA14C92BE098D600E81761 /* Button.swift in Sources */,
				CDD3E1192BE29A5D00C7FC93 /* AppDelegate.swift in Sources */,
				E40E5F2A2BDB82F900EFBF6F /* SwiftUIView.swift in Sources */,
				99FA14CB2BE098D600E81761 /* VideoDetectorView.swift in Sources */,
				99FA14D02BE098D600E81761 /* yolov9c.mlpackage in Sources */,
				99FA14B92BE098D600E81761 /* GameSceneVM.swift in Sources */,
				E40E5F302BDBE7D400EFBF6F /* StoryOne.swift in Sources */,
				99FA14BA2BE098D600E81761 /* ImagePredictor.swift in Sources */,
				99FA14BE2BE098D600E81761 /* ImagePicker.swift in Sources */,
				99FA14CD2BE098D600E81761 /* ObjectScanView2.swift in Sources */,
				99FA14C62BE098D600E81761 /* ChallengeView.swift in Sources */,
				99FA14C72BE098D600E81761 /* RectangleHint.swift in Sources */,
				99FA14CC2BE098D600E81761 /* ObjectCaptureView.swift in Sources */,
				99FA14D22BE0994500E81761 /* GameInstance.swift in Sources */,
				99FA14CE2BE098D600E81761 /* MysteryObjectPrediction.mlmodel in Sources */,
				99FA14C42BE098D600E81761 /* ObjectPredictView.swift in Sources */,
				CDD3E11F2BE29C0700C7FC93 /* PlayerManager.swift in Sources */,
				99FA14BB2BE098D600E81761 /* Prediction.swift in Sources */,
				E4A76F562BDFD693007FAED5 /* CulpritPage.swift in Sources */,
				CDD3E11D2BE29BFA00C7FC93 /* Player.swift in Sources */,
			);
			runOnlyForDeploymentPostprocessing = 0;
		};
		CD73691F2BDB6B7A0011A573 /* Sources */ = {
			isa = PBXSourcesBuildPhase;
			buildActionMask = 2147483647;
			files = (
				CD7369282BDB6B7A0011A573 /* SleuthVisionTests.swift in Sources */,
			);
			runOnlyForDeploymentPostprocessing = 0;
		};
		CD7369292BDB6B7A0011A573 /* Sources */ = {
			isa = PBXSourcesBuildPhase;
			buildActionMask = 2147483647;
			files = (
				CD7369322BDB6B7A0011A573 /* SleuthVisionUITests.swift in Sources */,
				CD7369342BDB6B7A0011A573 /* SleuthVisionUITestsLaunchTests.swift in Sources */,
			);
			runOnlyForDeploymentPostprocessing = 0;
		};
/* End PBXSourcesBuildPhase section */

/* Begin PBXTargetDependency section */
		CD7369252BDB6B7A0011A573 /* PBXTargetDependency */ = {
			isa = PBXTargetDependency;
			target = CD7369122BDB6B710011A573 /* SleuthVision */;
			targetProxy = CD7369242BDB6B7A0011A573 /* PBXContainerItemProxy */;
		};
		CD73692F2BDB6B7A0011A573 /* PBXTargetDependency */ = {
			isa = PBXTargetDependency;
			target = CD7369122BDB6B710011A573 /* SleuthVision */;
			targetProxy = CD73692E2BDB6B7A0011A573 /* PBXContainerItemProxy */;
		};
/* End PBXTargetDependency section */

/* Begin XCBuildConfiguration section */
		CD7369352BDB6B7A0011A573 /* Debug */ = {
			isa = XCBuildConfiguration;
			buildSettings = {
				ALWAYS_SEARCH_USER_PATHS = NO;
				ASSETCATALOG_COMPILER_GENERATE_SWIFT_ASSET_SYMBOL_EXTENSIONS = YES;
				CLANG_ANALYZER_NONNULL = YES;
				CLANG_ANALYZER_NUMBER_OBJECT_CONVERSION = YES_AGGRESSIVE;
				CLANG_CXX_LANGUAGE_STANDARD = "gnu++20";
				CLANG_ENABLE_MODULES = YES;
				CLANG_ENABLE_OBJC_ARC = YES;
				CLANG_ENABLE_OBJC_WEAK = YES;
				CLANG_WARN_BLOCK_CAPTURE_AUTORELEASING = YES;
				CLANG_WARN_BOOL_CONVERSION = YES;
				CLANG_WARN_COMMA = YES;
				CLANG_WARN_CONSTANT_CONVERSION = YES;
				CLANG_WARN_DEPRECATED_OBJC_IMPLEMENTATIONS = YES;
				CLANG_WARN_DIRECT_OBJC_ISA_USAGE = YES_ERROR;
				CLANG_WARN_DOCUMENTATION_COMMENTS = YES;
				CLANG_WARN_EMPTY_BODY = YES;
				CLANG_WARN_ENUM_CONVERSION = YES;
				CLANG_WARN_INFINITE_RECURSION = YES;
				CLANG_WARN_INT_CONVERSION = YES;
				CLANG_WARN_NON_LITERAL_NULL_CONVERSION = YES;
				CLANG_WARN_OBJC_IMPLICIT_RETAIN_SELF = YES;
				CLANG_WARN_OBJC_LITERAL_CONVERSION = YES;
				CLANG_WARN_OBJC_ROOT_CLASS = YES_ERROR;
				CLANG_WARN_QUOTED_INCLUDE_IN_FRAMEWORK_HEADER = YES;
				CLANG_WARN_RANGE_LOOP_ANALYSIS = YES;
				CLANG_WARN_STRICT_PROTOTYPES = YES;
				CLANG_WARN_SUSPICIOUS_MOVE = YES;
				CLANG_WARN_UNGUARDED_AVAILABILITY = YES_AGGRESSIVE;
				CLANG_WARN_UNREACHABLE_CODE = YES;
				CLANG_WARN__DUPLICATE_METHOD_MATCH = YES;
				COPY_PHASE_STRIP = NO;
				DEBUG_INFORMATION_FORMAT = dwarf;
				ENABLE_STRICT_OBJC_MSGSEND = YES;
				ENABLE_TESTABILITY = YES;
				ENABLE_USER_SCRIPT_SANDBOXING = YES;
				GCC_C_LANGUAGE_STANDARD = gnu17;
				GCC_DYNAMIC_NO_PIC = NO;
				GCC_NO_COMMON_BLOCKS = YES;
				GCC_OPTIMIZATION_LEVEL = 0;
				GCC_PREPROCESSOR_DEFINITIONS = (
					"DEBUG=1",
					"$(inherited)",
				);
				GCC_WARN_64_TO_32_BIT_CONVERSION = YES;
				GCC_WARN_ABOUT_RETURN_TYPE = YES_ERROR;
				GCC_WARN_UNDECLARED_SELECTOR = YES;
				GCC_WARN_UNINITIALIZED_AUTOS = YES_AGGRESSIVE;
				GCC_WARN_UNUSED_FUNCTION = YES;
				GCC_WARN_UNUSED_VARIABLE = YES;
				IPHONEOS_DEPLOYMENT_TARGET = 17.2;
				LOCALIZATION_PREFERS_STRING_CATALOGS = YES;
				MTL_ENABLE_DEBUG_INFO = INCLUDE_SOURCE;
				MTL_FAST_MATH = YES;
				ONLY_ACTIVE_ARCH = YES;
				SDKROOT = iphoneos;
				SWIFT_ACTIVE_COMPILATION_CONDITIONS = "DEBUG $(inherited)";
				SWIFT_OPTIMIZATION_LEVEL = "-Onone";
			};
			name = Debug;
		};
		CD7369362BDB6B7A0011A573 /* Release */ = {
			isa = XCBuildConfiguration;
			buildSettings = {
				ALWAYS_SEARCH_USER_PATHS = NO;
				ASSETCATALOG_COMPILER_GENERATE_SWIFT_ASSET_SYMBOL_EXTENSIONS = YES;
				CLANG_ANALYZER_NONNULL = YES;
				CLANG_ANALYZER_NUMBER_OBJECT_CONVERSION = YES_AGGRESSIVE;
				CLANG_CXX_LANGUAGE_STANDARD = "gnu++20";
				CLANG_ENABLE_MODULES = YES;
				CLANG_ENABLE_OBJC_ARC = YES;
				CLANG_ENABLE_OBJC_WEAK = YES;
				CLANG_WARN_BLOCK_CAPTURE_AUTORELEASING = YES;
				CLANG_WARN_BOOL_CONVERSION = YES;
				CLANG_WARN_COMMA = YES;
				CLANG_WARN_CONSTANT_CONVERSION = YES;
				CLANG_WARN_DEPRECATED_OBJC_IMPLEMENTATIONS = YES;
				CLANG_WARN_DIRECT_OBJC_ISA_USAGE = YES_ERROR;
				CLANG_WARN_DOCUMENTATION_COMMENTS = YES;
				CLANG_WARN_EMPTY_BODY = YES;
				CLANG_WARN_ENUM_CONVERSION = YES;
				CLANG_WARN_INFINITE_RECURSION = YES;
				CLANG_WARN_INT_CONVERSION = YES;
				CLANG_WARN_NON_LITERAL_NULL_CONVERSION = YES;
				CLANG_WARN_OBJC_IMPLICIT_RETAIN_SELF = YES;
				CLANG_WARN_OBJC_LITERAL_CONVERSION = YES;
				CLANG_WARN_OBJC_ROOT_CLASS = YES_ERROR;
				CLANG_WARN_QUOTED_INCLUDE_IN_FRAMEWORK_HEADER = YES;
				CLANG_WARN_RANGE_LOOP_ANALYSIS = YES;
				CLANG_WARN_STRICT_PROTOTYPES = YES;
				CLANG_WARN_SUSPICIOUS_MOVE = YES;
				CLANG_WARN_UNGUARDED_AVAILABILITY = YES_AGGRESSIVE;
				CLANG_WARN_UNREACHABLE_CODE = YES;
				CLANG_WARN__DUPLICATE_METHOD_MATCH = YES;
				COPY_PHASE_STRIP = NO;
				DEBUG_INFORMATION_FORMAT = "dwarf-with-dsym";
				ENABLE_NS_ASSERTIONS = NO;
				ENABLE_STRICT_OBJC_MSGSEND = YES;
				ENABLE_USER_SCRIPT_SANDBOXING = YES;
				GCC_C_LANGUAGE_STANDARD = gnu17;
				GCC_NO_COMMON_BLOCKS = YES;
				GCC_WARN_64_TO_32_BIT_CONVERSION = YES;
				GCC_WARN_ABOUT_RETURN_TYPE = YES_ERROR;
				GCC_WARN_UNDECLARED_SELECTOR = YES;
				GCC_WARN_UNINITIALIZED_AUTOS = YES_AGGRESSIVE;
				GCC_WARN_UNUSED_FUNCTION = YES;
				GCC_WARN_UNUSED_VARIABLE = YES;
				IPHONEOS_DEPLOYMENT_TARGET = 17.2;
				LOCALIZATION_PREFERS_STRING_CATALOGS = YES;
				MTL_ENABLE_DEBUG_INFO = NO;
				MTL_FAST_MATH = YES;
				SDKROOT = iphoneos;
				SWIFT_COMPILATION_MODE = wholemodule;
				VALIDATE_PRODUCT = YES;
			};
			name = Release;
		};
		CD7369382BDB6B7A0011A573 /* Debug */ = {
			isa = XCBuildConfiguration;
			buildSettings = {
				ASSETCATALOG_COMPILER_APPICON_NAME = AppIcon;
				ASSETCATALOG_COMPILER_GLOBAL_ACCENT_COLOR_NAME = AccentColor;
				CODE_SIGN_STYLE = Automatic;
				CURRENT_PROJECT_VERSION = 1;
				DEVELOPMENT_ASSET_PATHS = "\"SleuthVision/Preview Content\"";
				DEVELOPMENT_TEAM = 749DSANFYP;
				ENABLE_PREVIEWS = YES;
				GENERATE_INFOPLIST_FILE = YES;
				INFOPLIST_FILE = SleuthVision/Info.plist;
				INFOPLIST_KEY_NSCameraUsageDescription = "";
				INFOPLIST_KEY_UIApplicationSceneManifest_Generation = YES;
				INFOPLIST_KEY_UIApplicationSupportsIndirectInputEvents = YES;
				INFOPLIST_KEY_UIStatusBarHidden = NO;
				INFOPLIST_KEY_UIStatusBarStyle = "";
				INFOPLIST_KEY_UISupportedInterfaceOrientations = "UIInterfaceOrientationLandscapeLeft UIInterfaceOrientationLandscapeRight";
				IPHONEOS_DEPLOYMENT_TARGET = 17.0;
				LD_RUNPATH_SEARCH_PATHS = (
					"$(inherited)",
					"@executable_path/Frameworks",
				);
				MARKETING_VERSION = 1.0;
				PRODUCT_BUNDLE_IDENTIFIER = com.jasonsus.SleuthVision;
				PRODUCT_NAME = "$(TARGET_NAME)";
				SUPPORTED_PLATFORMS = "iphoneos iphonesimulator";
				SUPPORTS_MACCATALYST = NO;
				SUPPORTS_XR_DESIGNED_FOR_IPHONE_IPAD = NO;
				SWIFT_EMIT_LOC_STRINGS = YES;
				SWIFT_VERSION = 5.0;
				TARGETED_DEVICE_FAMILY = "1,2";
			};
			name = Debug;
		};
		CD7369392BDB6B7A0011A573 /* Release */ = {
			isa = XCBuildConfiguration;
			buildSettings = {
				ASSETCATALOG_COMPILER_APPICON_NAME = AppIcon;
				ASSETCATALOG_COMPILER_GLOBAL_ACCENT_COLOR_NAME = AccentColor;
				CODE_SIGN_STYLE = Automatic;
				CURRENT_PROJECT_VERSION = 1;
				DEVELOPMENT_ASSET_PATHS = "\"SleuthVision/Preview Content\"";
				DEVELOPMENT_TEAM = 749DSANFYP;
				ENABLE_PREVIEWS = YES;
				GENERATE_INFOPLIST_FILE = YES;
				INFOPLIST_FILE = SleuthVision/Info.plist;
				INFOPLIST_KEY_NSCameraUsageDescription = "";
				INFOPLIST_KEY_UIApplicationSceneManifest_Generation = YES;
				INFOPLIST_KEY_UIApplicationSupportsIndirectInputEvents = YES;
				INFOPLIST_KEY_UIStatusBarHidden = NO;
				INFOPLIST_KEY_UIStatusBarStyle = "";
				INFOPLIST_KEY_UISupportedInterfaceOrientations = "UIInterfaceOrientationLandscapeLeft UIInterfaceOrientationLandscapeRight";
				IPHONEOS_DEPLOYMENT_TARGET = 17.0;
				LD_RUNPATH_SEARCH_PATHS = (
					"$(inherited)",
					"@executable_path/Frameworks",
				);
				MARKETING_VERSION = 1.0;
				PRODUCT_BUNDLE_IDENTIFIER = com.jasonsus.SleuthVision;
				PRODUCT_NAME = "$(TARGET_NAME)";
				SUPPORTED_PLATFORMS = "iphoneos iphonesimulator";
				SUPPORTS_MACCATALYST = NO;
				SUPPORTS_XR_DESIGNED_FOR_IPHONE_IPAD = NO;
				SWIFT_EMIT_LOC_STRINGS = YES;
				SWIFT_VERSION = 5.0;
				TARGETED_DEVICE_FAMILY = "1,2";
			};
			name = Release;
		};
		CD73693B2BDB6B7A0011A573 /* Debug */ = {
			isa = XCBuildConfiguration;
			buildSettings = {
				ALWAYS_EMBED_SWIFT_STANDARD_LIBRARIES = YES;
				BUNDLE_LOADER = "$(TEST_HOST)";
				CODE_SIGN_STYLE = Automatic;
				CURRENT_PROJECT_VERSION = 1;
				DEVELOPMENT_TEAM = M73B4W9D68;
				GENERATE_INFOPLIST_FILE = YES;
				IPHONEOS_DEPLOYMENT_TARGET = 17.2;
				MARKETING_VERSION = 1.0;
				PRODUCT_BUNDLE_IDENTIFIER = com.jasonsus.SleuthVisionTests;
				PRODUCT_NAME = "$(TARGET_NAME)";
				SWIFT_EMIT_LOC_STRINGS = NO;
				SWIFT_VERSION = 5.0;
				TARGETED_DEVICE_FAMILY = "1,2";
				TEST_HOST = "$(BUILT_PRODUCTS_DIR)/SleuthVision.app/$(BUNDLE_EXECUTABLE_FOLDER_PATH)/SleuthVision";
			};
			name = Debug;
		};
		CD73693C2BDB6B7A0011A573 /* Release */ = {
			isa = XCBuildConfiguration;
			buildSettings = {
				ALWAYS_EMBED_SWIFT_STANDARD_LIBRARIES = YES;
				BUNDLE_LOADER = "$(TEST_HOST)";
				CODE_SIGN_STYLE = Automatic;
				CURRENT_PROJECT_VERSION = 1;
				DEVELOPMENT_TEAM = M73B4W9D68;
				GENERATE_INFOPLIST_FILE = YES;
				IPHONEOS_DEPLOYMENT_TARGET = 17.2;
				MARKETING_VERSION = 1.0;
				PRODUCT_BUNDLE_IDENTIFIER = com.jasonsus.SleuthVisionTests;
				PRODUCT_NAME = "$(TARGET_NAME)";
				SWIFT_EMIT_LOC_STRINGS = NO;
				SWIFT_VERSION = 5.0;
				TARGETED_DEVICE_FAMILY = "1,2";
				TEST_HOST = "$(BUILT_PRODUCTS_DIR)/SleuthVision.app/$(BUNDLE_EXECUTABLE_FOLDER_PATH)/SleuthVision";
			};
			name = Release;
		};
		CD73693E2BDB6B7A0011A573 /* Debug */ = {
			isa = XCBuildConfiguration;
			buildSettings = {
				ALWAYS_EMBED_SWIFT_STANDARD_LIBRARIES = YES;
				CODE_SIGN_STYLE = Automatic;
				CURRENT_PROJECT_VERSION = 1;
				DEVELOPMENT_TEAM = M73B4W9D68;
				GENERATE_INFOPLIST_FILE = YES;
				MARKETING_VERSION = 1.0;
				PRODUCT_BUNDLE_IDENTIFIER = com.jasonsus.SleuthVisionUITests;
				PRODUCT_NAME = "$(TARGET_NAME)";
				SWIFT_EMIT_LOC_STRINGS = NO;
				SWIFT_VERSION = 5.0;
				TARGETED_DEVICE_FAMILY = "1,2";
				TEST_TARGET_NAME = SleuthVision;
			};
			name = Debug;
		};
		CD73693F2BDB6B7A0011A573 /* Release */ = {
			isa = XCBuildConfiguration;
			buildSettings = {
				ALWAYS_EMBED_SWIFT_STANDARD_LIBRARIES = YES;
				CODE_SIGN_STYLE = Automatic;
				CURRENT_PROJECT_VERSION = 1;
				DEVELOPMENT_TEAM = M73B4W9D68;
				GENERATE_INFOPLIST_FILE = YES;
				MARKETING_VERSION = 1.0;
				PRODUCT_BUNDLE_IDENTIFIER = com.jasonsus.SleuthVisionUITests;
				PRODUCT_NAME = "$(TARGET_NAME)";
				SWIFT_EMIT_LOC_STRINGS = NO;
				SWIFT_VERSION = 5.0;
				TARGETED_DEVICE_FAMILY = "1,2";
				TEST_TARGET_NAME = SleuthVision;
			};
			name = Release;
		};
/* End XCBuildConfiguration section */

/* Begin XCConfigurationList section */
		CD73690E2BDB6B710011A573 /* Build configuration list for PBXProject "SleuthVision" */ = {
			isa = XCConfigurationList;
			buildConfigurations = (
				CD7369352BDB6B7A0011A573 /* Debug */,
				CD7369362BDB6B7A0011A573 /* Release */,
			);
			defaultConfigurationIsVisible = 0;
			defaultConfigurationName = Release;
		};
		CD7369372BDB6B7A0011A573 /* Build configuration list for PBXNativeTarget "SleuthVision" */ = {
			isa = XCConfigurationList;
			buildConfigurations = (
				CD7369382BDB6B7A0011A573 /* Debug */,
				CD7369392BDB6B7A0011A573 /* Release */,
			);
			defaultConfigurationIsVisible = 0;
			defaultConfigurationName = Release;
		};
		CD73693A2BDB6B7A0011A573 /* Build configuration list for PBXNativeTarget "SleuthVisionTests" */ = {
			isa = XCConfigurationList;
			buildConfigurations = (
				CD73693B2BDB6B7A0011A573 /* Debug */,
				CD73693C2BDB6B7A0011A573 /* Release */,
			);
			defaultConfigurationIsVisible = 0;
			defaultConfigurationName = Release;
		};
		CD73693D2BDB6B7A0011A573 /* Build configuration list for PBXNativeTarget "SleuthVisionUITests" */ = {
			isa = XCConfigurationList;
			buildConfigurations = (
				CD73693E2BDB6B7A0011A573 /* Debug */,
				CD73693F2BDB6B7A0011A573 /* Release */,
			);
			defaultConfigurationIsVisible = 0;
			defaultConfigurationName = Release;
		};
/* End XCConfigurationList section */
	};
	rootObject = CD73690B2BDB6B710011A573 /* Project object */;
}
